// !$*UTF8*$!
{
	archiveVersion = 1;
	classes = {
	};
	objectVersion = 46;
	objects = {

/* Begin PBXBuildFile section */
		006D720419952D00008149E2 /* AVFoundation.framework in Frameworks */ = {isa = PBXBuildFile; fileRef = 006D720219952D00008149E2 /* AVFoundation.framework */; };
		006D720519952D00008149E2 /* CoreMedia.framework in Frameworks */ = {isa = PBXBuildFile; fileRef = 006D720319952D00008149E2 /* CoreMedia.framework */; };
		0091D8F90E81B9330029341E /* OpenGL.framework in Frameworks */ = {isa = PBXBuildFile; fileRef = 0091D8F80E81B9330029341E /* OpenGL.framework */; };
		00B784B30FF439BC000DE1D7 /* Accelerate.framework in Frameworks */ = {isa = PBXBuildFile; fileRef = 00B784AF0FF439BC000DE1D7 /* Accelerate.framework */; };
		00B784B40FF439BC000DE1D7 /* AudioToolbox.framework in Frameworks */ = {isa = PBXBuildFile; fileRef = 00B784B00FF439BC000DE1D7 /* AudioToolbox.framework */; };
		00B784B50FF439BC000DE1D7 /* AudioUnit.framework in Frameworks */ = {isa = PBXBuildFile; fileRef = 00B784B10FF439BC000DE1D7 /* AudioUnit.framework */; };
		00B784B60FF439BC000DE1D7 /* CoreAudio.framework in Frameworks */ = {isa = PBXBuildFile; fileRef = 00B784B20FF439BC000DE1D7 /* CoreAudio.framework */; };
		00B9955A1B128DF400A5C623 /* IOKit.framework in Frameworks */ = {isa = PBXBuildFile; fileRef = 00B995581B128DF400A5C623 /* IOKit.framework */; };
		00B9955B1B128DF400A5C623 /* IOSurface.framework in Frameworks */ = {isa = PBXBuildFile; fileRef = 00B995591B128DF400A5C623 /* IOSurface.framework */; };
		5323E6B20EAFCA74003A9687 /* CoreVideo.framework in Frameworks */ = {isa = PBXBuildFile; fileRef = 5323E6B10EAFCA74003A9687 /* CoreVideo.framework */; };
		8D11072F0486CEB800E47090 /* Cocoa.framework in Frameworks */ = {isa = PBXBuildFile; fileRef = 1058C7A1FEA54F0111CA2CBB /* Cocoa.framework */; };
		1A3E1068EF6C4FBA8FFA2A7A /* imgui_demo.cpp in Sources */ = {isa = PBXBuildFile; fileRef = B3338E4E2FF243DCA1CE15B4 /* imgui_demo.cpp */; };
		4736E2FF4C6F4C56B2037520 /* imgui_draw.cpp in Sources */ = {isa = PBXBuildFile; fileRef = 4C98F8BB6D4447D081E6A13B /* imgui_draw.cpp */; };
		D7B49C7BABAD4DB19B50F785 /* imgui.cpp in Sources */ = {isa = PBXBuildFile; fileRef = 76A6B4E59D4B4056AABF371B /* imgui.cpp */; };
		EB603993809C479982DE999D /* CinderImGui.cpp in Sources */ = {isa = PBXBuildFile; fileRef = 5119C23045B5433AAE752AF8 /* CinderImGui.cpp */; };
		1296599A7E7E4DAB9F93205E /* imgui_internal.h in Headers */ = {isa = PBXBuildFile; fileRef = 02BE0EA798CA40FFAF6A39BE /* imgui_internal.h */; };
		B2719A7F1C7446EB88A5BA1D /* imgui.h in Headers */ = {isa = PBXBuildFile; fileRef = 355FD49C4FC94C6DAF845672 /* imgui.h */; };
		026C0F8962094C88BA043E42 /* imconfig.h in Headers */ = {isa = PBXBuildFile; fileRef = 3B3CB66A6BCE421383968365 /* imconfig.h */; };
		B1A4D1E2CE624C75A3752AF9 /* imgui_user.inl in Headers */ = {isa = PBXBuildFile; fileRef = 2252D98B97D642A68D8C1DAC /* imgui_user.inl */; };
		F8281D35DB0B430DA0E3F65D /* imgui_user.h in Headers */ = {isa = PBXBuildFile; fileRef = 54FA0EE3741D4DB1A86ECBEF /* imgui_user.h */; };
		2C5E9BF9AAA2445B87D50600 /* CinderImGui.h in Headers */ = {isa = PBXBuildFile; fileRef = CD874D73F00E42188AFAD687 /* CinderImGui.h */; };
		40B546D9308048EF814E98ED /* CinderCerealImGui.h in Headers */ = {isa = PBXBuildFile; fileRef = FC8F113E23CF4C74AF45B691 /* CinderCerealImGui.h */; };
		BB818E82E8514CEF89798988 /* CinderCereal.h in Headers */ = {isa = PBXBuildFile; fileRef = 1B4A54A880FD448BA4ACFA53 /* CinderCereal.h */; };
		3F0909D9C0E84A6EBF199CD3 /* CerealImGui_Prefix.pch in Headers */ = {isa = PBXBuildFile; fileRef = 41F95A7829684ACD91BAD89F /* CerealImGui_Prefix.pch */; };
		3662AD657F2C404A9343CA85 /* CinderApp.icns in Resources */ = {isa = PBXBuildFile; fileRef = A01FE9520DB74413A184076A /* CinderApp.icns */; };
		5536E850BB674C22B1C470A6 /* Resources.h in Headers */ = {isa = PBXBuildFile; fileRef = C2116E407A65429F9AA2885D /* Resources.h */; };
		4D00AE311BB54FDA8ABE3002 /* CerealImGuiApp.cpp in Sources */ = {isa = PBXBuildFile; fileRef = FB6A4FE3E63C4651846D2D26 /* CerealImGuiApp.cpp */; };
/* End PBXBuildFile section */

/* Begin PBXFileReference section */
		006D720219952D00008149E2 /* AVFoundation.framework */ = {isa = PBXFileReference; lastKnownFileType = wrapper.framework; name = AVFoundation.framework; path = System/Library/Frameworks/AVFoundation.framework; sourceTree = SDKROOT; };
		006D720319952D00008149E2 /* CoreMedia.framework */ = {isa = PBXFileReference; lastKnownFileType = wrapper.framework; name = CoreMedia.framework; path = System/Library/Frameworks/CoreMedia.framework; sourceTree = SDKROOT; };
		0091D8F80E81B9330029341E /* OpenGL.framework */ = {isa = PBXFileReference; lastKnownFileType = wrapper.framework; name = OpenGL.framework; path = /System/Library/Frameworks/OpenGL.framework; sourceTree = "<absolute>"; };
		00B784AF0FF439BC000DE1D7 /* Accelerate.framework */ = {isa = PBXFileReference; lastKnownFileType = wrapper.framework; name = Accelerate.framework; path = System/Library/Frameworks/Accelerate.framework; sourceTree = SDKROOT; };
		00B784B00FF439BC000DE1D7 /* AudioToolbox.framework */ = {isa = PBXFileReference; lastKnownFileType = wrapper.framework; name = AudioToolbox.framework; path = System/Library/Frameworks/AudioToolbox.framework; sourceTree = SDKROOT; };
		00B784B10FF439BC000DE1D7 /* AudioUnit.framework */ = {isa = PBXFileReference; lastKnownFileType = wrapper.framework; name = AudioUnit.framework; path = System/Library/Frameworks/AudioUnit.framework; sourceTree = SDKROOT; };
		00B784B20FF439BC000DE1D7 /* CoreAudio.framework */ = {isa = PBXFileReference; lastKnownFileType = wrapper.framework; name = CoreAudio.framework; path = System/Library/Frameworks/CoreAudio.framework; sourceTree = SDKROOT; };
		00B995581B128DF400A5C623 /* IOKit.framework */ = {isa = PBXFileReference; lastKnownFileType = wrapper.framework; name = IOKit.framework; path = System/Library/Frameworks/IOKit.framework; sourceTree = SDKROOT; };
		00B995591B128DF400A5C623 /* IOSurface.framework */ = {isa = PBXFileReference; lastKnownFileType = wrapper.framework; name = IOSurface.framework; path = System/Library/Frameworks/IOSurface.framework; sourceTree = SDKROOT; };
		1058C7A1FEA54F0111CA2CBB /* Cocoa.framework */ = {isa = PBXFileReference; lastKnownFileType = wrapper.framework; name = Cocoa.framework; path = /System/Library/Frameworks/Cocoa.framework; sourceTree = "<absolute>"; };
		29B97324FDCFA39411CA2CEA /* AppKit.framework */ = {isa = PBXFileReference; lastKnownFileType = wrapper.framework; name = AppKit.framework; path = /System/Library/Frameworks/AppKit.framework; sourceTree = "<absolute>"; };
		29B97325FDCFA39411CA2CEA /* Foundation.framework */ = {isa = PBXFileReference; lastKnownFileType = wrapper.framework; name = Foundation.framework; path = /System/Library/Frameworks/Foundation.framework; sourceTree = "<absolute>"; };
		5323E6B10EAFCA74003A9687 /* CoreVideo.framework */ = {isa = PBXFileReference; lastKnownFileType = wrapper.framework; name = CoreVideo.framework; path = /System/Library/Frameworks/CoreVideo.framework; sourceTree = "<absolute>"; };
		8D1107320486CEB800E47090 /* CerealImGui.app */ = {isa = PBXFileReference; explicitFileType = wrapper.application; includeInIndex = 0; path = CerealImGui.app; sourceTree = BUILT_PRODUCTS_DIR; };
		FB6A4FE3E63C4651846D2D26 /* CerealImGuiApp.cpp */ = {isa = PBXFileReference; lastKnownFileType = sourcecode.c.cpp; path = ../src/CerealImGuiApp.cpp; sourceTree = "<group>"; name = CerealImGuiApp.cpp; };
		C2116E407A65429F9AA2885D /* Resources.h */ = {isa = PBXFileReference; lastKnownFileType = sourcecode.c.h; path = ../include/Resources.h; sourceTree = "<group>"; name = Resources.h; };
		A01FE9520DB74413A184076A /* CinderApp.icns */ = {isa = PBXFileReference; lastKnownFileType = image.icns; path = ../resources/CinderApp.icns; sourceTree = "<group>"; name = CinderApp.icns; };
		024D77B67A88452B82F7B06D /* Info.plist */ = {isa = PBXFileReference; lastKnownFileType = text.plist.xml; path = Info.plist; sourceTree = "<group>"; name = Info.plist; };
		41F95A7829684ACD91BAD89F /* CerealImGui_Prefix.pch */ = {isa = PBXFileReference; lastKnownFileType = "\"\""; path = CerealImGui_Prefix.pch; sourceTree = "<group>"; name = CerealImGui_Prefix.pch; };
		1B4A54A880FD448BA4ACFA53 /* CinderCereal.h */ = {isa = PBXFileReference; lastKnownFileType = sourcecode.c.h; path = "../../../../Cinder-Cereal/include/CinderCereal.h"; sourceTree = "<group>"; name = CinderCereal.h; };
		FC8F113E23CF4C74AF45B691 /* CinderCerealImGui.h */ = {isa = PBXFileReference; lastKnownFileType = sourcecode.c.h; path = ../../../include/CinderCerealImGui.h; sourceTree = "<group>"; name = CinderCerealImGui.h; };
		CD874D73F00E42188AFAD687 /* CinderImGui.h */ = {isa = PBXFileReference; lastKnownFileType = sourcecode.c.h; path = "../../../../Cinder-ImGui/include/CinderImGui.h"; sourceTree = "<group>"; name = CinderImGui.h; };
		54FA0EE3741D4DB1A86ECBEF /* imgui_user.h */ = {isa = PBXFileReference; lastKnownFileType = sourcecode.c.h; path = "../../../../Cinder-ImGui/include/imgui_user.h"; sourceTree = "<group>"; name = imgui_user.h; };
		2252D98B97D642A68D8C1DAC /* imgui_user.inl */ = {isa = PBXFileReference; lastKnownFileType = "\"\""; path = "../../../../Cinder-ImGui/include/imgui_user.inl"; sourceTree = "<group>"; name = imgui_user.inl; };
		3B3CB66A6BCE421383968365 /* imconfig.h */ = {isa = PBXFileReference; lastKnownFileType = sourcecode.c.h; path = "../../../../Cinder-ImGui/lib/imgui/imconfig.h"; sourceTree = "<group>"; name = imconfig.h; };
		355FD49C4FC94C6DAF845672 /* imgui.h */ = {isa = PBXFileReference; lastKnownFileType = sourcecode.c.h; path = "../../../../Cinder-ImGui/lib/imgui/imgui.h"; sourceTree = "<group>"; name = imgui.h; };
		02BE0EA798CA40FFAF6A39BE /* imgui_internal.h */ = {isa = PBXFileReference; lastKnownFileType = sourcecode.c.h; path = "../../../../Cinder-ImGui/lib/imgui/imgui_internal.h"; sourceTree = "<group>"; name = imgui_internal.h; };
		5119C23045B5433AAE752AF8 /* CinderImGui.cpp */ = {isa = PBXFileReference; lastKnownFileType = sourcecode.c.cpp; path = "../../../../Cinder-ImGui/src/CinderImGui.cpp"; sourceTree = "<group>"; name = CinderImGui.cpp; };
		76A6B4E59D4B4056AABF371B /* imgui.cpp */ = {isa = PBXFileReference; lastKnownFileType = sourcecode.c.cpp; path = "../../../../Cinder-ImGui/lib/imgui/imgui.cpp"; sourceTree = "<group>"; name = imgui.cpp; };
		4C98F8BB6D4447D081E6A13B /* imgui_draw.cpp */ = {isa = PBXFileReference; lastKnownFileType = sourcecode.c.cpp; path = "../../../../Cinder-ImGui/lib/imgui/imgui_draw.cpp"; sourceTree = "<group>"; name = imgui_draw.cpp; };
		B3338E4E2FF243DCA1CE15B4 /* imgui_demo.cpp */ = {isa = PBXFileReference; lastKnownFileType = sourcecode.c.cpp; path = "../../../../Cinder-ImGui/lib/imgui/imgui_demo.cpp"; sourceTree = "<group>"; name = imgui_demo.cpp; };
/* End PBXFileReference section */

/* Begin PBXFrameworksBuildPhase section */
		8D11072E0486CEB800E47090 /* Frameworks */ = {
			isa = PBXFrameworksBuildPhase;
			buildActionMask = 2147483647;
			files = (
				006D720419952D00008149E2 /* AVFoundation.framework in Frameworks */,
				006D720519952D00008149E2 /* CoreMedia.framework in Frameworks */,
				8D11072F0486CEB800E47090 /* Cocoa.framework in Frameworks */,
				0091D8F90E81B9330029341E /* OpenGL.framework in Frameworks */,
				5323E6B20EAFCA74003A9687 /* CoreVideo.framework in Frameworks */,
				00B784B30FF439BC000DE1D7 /* Accelerate.framework in Frameworks */,
				00B784B40FF439BC000DE1D7 /* AudioToolbox.framework in Frameworks */,
				00B784B50FF439BC000DE1D7 /* AudioUnit.framework in Frameworks */,
				00B784B60FF439BC000DE1D7 /* CoreAudio.framework in Frameworks */,
				00B9955A1B128DF400A5C623 /* IOKit.framework in Frameworks */,
				00B9955B1B128DF400A5C623 /* IOSurface.framework in Frameworks */,
			);
			runOnlyForDeploymentPostprocessing = 0;
		};
/* End PBXFrameworksBuildPhase section */

/* Begin PBXGroup section */
		080E96DDFE201D6D7F000001 /* Source */ = {
			isa = PBXGroup;
			children = (
				FB6A4FE3E63C4651846D2D26 /* CerealImGuiApp.cpp */,
			);
			name = Source;
			sourceTree = "<group>";
		};
		1058C7A0FEA54F0111CA2CBB /* Linked Frameworks */ = {
			isa = PBXGroup;
			children = (
				006D720219952D00008149E2 /* AVFoundation.framework */,
				006D720319952D00008149E2 /* CoreMedia.framework */,
				00B784AF0FF439BC000DE1D7 /* Accelerate.framework */,
				00B784B00FF439BC000DE1D7 /* AudioToolbox.framework */,
				00B784B10FF439BC000DE1D7 /* AudioUnit.framework */,
				00B784B20FF439BC000DE1D7 /* CoreAudio.framework */,
				5323E6B10EAFCA74003A9687 /* CoreVideo.framework */,
				0091D8F80E81B9330029341E /* OpenGL.framework */,
				1058C7A1FEA54F0111CA2CBB /* Cocoa.framework */,
				00B995581B128DF400A5C623 /* IOKit.framework */,
				00B995591B128DF400A5C623 /* IOSurface.framework */,
			);
			name = "Linked Frameworks";
			sourceTree = "<group>";
		};
		1058C7A2FEA54F0111CA2CBB /* Other Frameworks */ = {
			isa = PBXGroup;
			children = (
				29B97324FDCFA39411CA2CEA /* AppKit.framework */,
				29B97325FDCFA39411CA2CEA /* Foundation.framework */,
			);
			name = "Other Frameworks";
			sourceTree = "<group>";
		};
		19C28FACFE9D520D11CA2CBB /* Products */ = {
			isa = PBXGroup;
			children = (
				8D1107320486CEB800E47090 /* CerealImGui.app */,
			);
			name = Products;
			sourceTree = "<group>";
		};
		29B97314FDCFA39411CA2CEA /* CerealImGui */ = {
			isa = PBXGroup;
			children = (
				01B97315FEAEA392516A2CEA /* Blocks */,
				29B97315FDCFA39411CA2CEA /* Headers */,
				080E96DDFE201D6D7F000001 /* Source */,
				29B97317FDCFA39411CA2CEA /* Resources */,
				29B97323FDCFA39411CA2CEA /* Frameworks */,
				19C28FACFE9D520D11CA2CBB /* Products */,
			);
			name = CerealImGui;
			sourceTree = "<group>";
		};
		60102403E5184166B096EC8E /* include */ = {
			isa = PBXGroup;
			children = (
				1B4A54A880FD448BA4ACFA53 /* CinderCereal.h */,
			);
			name = include;
			sourceTree = "<group>";
		};
		C3DB88AFAAB944158B97F8D5 /* Cinder-Cereal */ = {
			isa = PBXGroup;
			children = (
				60102403E5184166B096EC8E /* include */,
			);
			name = "Cinder-Cereal";
			sourceTree = "<group>";
		};
		31CE64C5041E4F2FBE89D756 /* include */ = {
			isa = PBXGroup;
			children = (
				FC8F113E23CF4C74AF45B691 /* CinderCerealImGui.h */,
			);
			name = include;
			sourceTree = "<group>";
		};
		6FEF57C250A542658C54CF66 /* CerealImGui */ = {
			isa = PBXGroup;
			children = (
				31CE64C5041E4F2FBE89D756 /* include */,
			);
			name = CerealImGui;
			sourceTree = "<group>";
		};
		4C2F10AF8F54492FAD56A414 /* include */ = {
			isa = PBXGroup;
			children = (
				CD874D73F00E42188AFAD687 /* CinderImGui.h */,
				54FA0EE3741D4DB1A86ECBEF /* imgui_user.h */,
				2252D98B97D642A68D8C1DAC /* imgui_user.inl */,
			);
			name = include;
			sourceTree = "<group>";
		};
		66D06737081444829F715E94 /* imgui */ = {
			isa = PBXGroup;
			children = (
				3B3CB66A6BCE421383968365 /* imconfig.h */,
				355FD49C4FC94C6DAF845672 /* imgui.h */,
				02BE0EA798CA40FFAF6A39BE /* imgui_internal.h */,
				76A6B4E59D4B4056AABF371B /* imgui.cpp */,
				4C98F8BB6D4447D081E6A13B /* imgui_draw.cpp */,
				B3338E4E2FF243DCA1CE15B4 /* imgui_demo.cpp */,
			);
			name = imgui;
			sourceTree = "<group>";
		};
		48BCACA3D5A447F0BAF5851C /* lib */ = {
			isa = PBXGroup;
			children = (
				66D06737081444829F715E94 /* imgui */,
			);
			name = lib;
			sourceTree = "<group>";
		};
		07F322BA5438484CBBF59C85 /* src */ = {
			isa = PBXGroup;
			children = (
				5119C23045B5433AAE752AF8 /* CinderImGui.cpp */,
			);
			name = src;
			sourceTree = "<group>";
		};
		93E92BD93A7A4D038174E8CF /* ImGui */ = {
			isa = PBXGroup;
			children = (
				4C2F10AF8F54492FAD56A414 /* include */,
				48BCACA3D5A447F0BAF5851C /* lib */,
				07F322BA5438484CBBF59C85 /* src */,
			);
			name = ImGui;
			sourceTree = "<group>";
		};
		01B97315FEAEA392516A2CEA /* Blocks */ = {
			isa = PBXGroup;
			children = (
				C3DB88AFAAB944158B97F8D5 /* Cinder-Cereal */,
				6FEF57C250A542658C54CF66 /* CerealImGui */,
				93E92BD93A7A4D038174E8CF /* ImGui */,
			);
			name = Blocks;
			sourceTree = "<group>";
		};
		29B97315FDCFA39411CA2CEA /* Headers */ = {
			isa = PBXGroup;
			children = (
				C2116E407A65429F9AA2885D /* Resources.h */,
				41F95A7829684ACD91BAD89F /* CerealImGui_Prefix.pch */,
			);
			name = Headers;
			sourceTree = "<group>";
		};
		29B97317FDCFA39411CA2CEA /* Resources */ = {
			isa = PBXGroup;
			children = (
				A01FE9520DB74413A184076A /* CinderApp.icns */,
				024D77B67A88452B82F7B06D /* Info.plist */,
			);
			name = Resources;
			sourceTree = "<group>";
		};
		29B97323FDCFA39411CA2CEA /* Frameworks */ = {
			isa = PBXGroup;
			children = (
				1058C7A0FEA54F0111CA2CBB /* Linked Frameworks */,
				1058C7A2FEA54F0111CA2CBB /* Other Frameworks */,
			);
			name = Frameworks;
			sourceTree = "<group>";
		};
/* End PBXGroup section */

/* Begin PBXNativeTarget section */
		8D1107260486CEB800E47090 /* CerealImGui */ = {
			isa = PBXNativeTarget;
			buildConfigurationList = C01FCF4A08A954540054247B /* Build configuration list for PBXNativeTarget "CerealImGui" */;
			buildPhases = (
				8D1107290486CEB800E47090 /* Resources */,
				8D11072C0486CEB800E47090 /* Sources */,
				8D11072E0486CEB800E47090 /* Frameworks */,
			);
			buildRules = (
			);
			dependencies = (
			);
			name = CerealImGui;
			productInstallPath = "$(HOME)/Applications";
			productName = CerealImGui;
			productReference = 8D1107320486CEB800E47090 /* CerealImGui.app */;
			productType = "com.apple.product-type.application";
		};
/* End PBXNativeTarget section */

/* Begin PBXProject section */
		29B97313FDCFA39411CA2CEA /* Project object */ = {
			isa = PBXProject;
			buildConfigurationList = C01FCF4E08A954540054247B /* Build configuration list for PBXProject "CerealImGui" */;
			compatibilityVersion = "Xcode 3.2";
			developmentRegion = English;
			hasScannedForEncodings = 1;
			knownRegions = (
				English,
				Japanese,
				French,
				German,
			);
			mainGroup = 29B97314FDCFA39411CA2CEA /* CerealImGui */;
			projectDirPath = "";
			projectRoot = "";
			targets = (
				8D1107260486CEB800E47090 /* CerealImGui */,
			);
		};
/* End PBXProject section */

/* Begin PBXResourcesBuildPhase section */
		8D1107290486CEB800E47090 /* Resources */ = {
			isa = PBXResourcesBuildPhase;
			buildActionMask = 2147483647;
			files = (
				3662AD657F2C404A9343CA85 /* CinderApp.icns in Resources */,
			);
			runOnlyForDeploymentPostprocessing = 0;
		};
/* End PBXResourcesBuildPhase section */

/* Begin PBXSourcesBuildPhase section */
		8D11072C0486CEB800E47090 /* Sources */ = {
			isa = PBXSourcesBuildPhase;
			buildActionMask = 2147483647;
			files = (
				4D00AE311BB54FDA8ABE3002 /* CerealImGuiApp.cpp in Sources */,
				EB603993809C479982DE999D /* CinderImGui.cpp in Sources */,
				D7B49C7BABAD4DB19B50F785 /* imgui.cpp in Sources */,
				4736E2FF4C6F4C56B2037520 /* imgui_draw.cpp in Sources */,
				1A3E1068EF6C4FBA8FFA2A7A /* imgui_demo.cpp in Sources */,
			);
			runOnlyForDeploymentPostprocessing = 0;
		};
/* End PBXSourcesBuildPhase section */

/* Begin XCBuildConfiguration section */
		C01FCF4B08A954540054247B /* Debug */ = {
			isa = XCBuildConfiguration;
			buildSettings = {
				COMBINE_HIDPI_IMAGES = YES;
				DEAD_CODE_STRIPPING = YES;
				COPY_PHASE_STRIP = NO;
				GCC_DYNAMIC_NO_PIC = NO;
				GCC_INLINES_ARE_PRIVATE_EXTERN = YES;
				GCC_OPTIMIZATION_LEVEL = 0;
				GCC_PREPROCESSOR_DEFINITIONS = (
					"DEBUG=1",
					"$(inherited)",
				);
				GCC_PRECOMPILE_PREFIX_HEADER = YES;
				GCC_PREFIX_HEADER = CerealImGui_Prefix.pch;
				GCC_SYMBOLS_PRIVATE_EXTERN = NO;
				INFOPLIST_FILE = Info.plist;
				INSTALL_PATH = "$(HOME)/Applications";
				OTHER_LDFLAGS = "\"$(CINDER_PATH)/lib/macosx/$(CONFIGURATION)/libcinder.a\"";
				PRODUCT_BUNDLE_IDENTIFIER = "org.libcinder.${PRODUCT_NAME:rfc1034identifier}";
				PRODUCT_NAME = CerealImGui;
				SYMROOT = ./build;
				WRAPPER_EXTENSION = app;
			};
			name = Debug;
		};
		C01FCF4C08A954540054247B /* Release */ = {
			isa = XCBuildConfiguration;
			buildSettings = {
				COMBINE_HIDPI_IMAGES = YES;
				DEAD_CODE_STRIPPING = YES;
				DEBUG_INFORMATION_FORMAT = "dwarf-with-dsym";
				GCC_FAST_MATH = YES;
				GCC_GENERATE_DEBUGGING_SYMBOLS = NO;
				GCC_INLINES_ARE_PRIVATE_EXTERN = YES;
				GCC_OPTIMIZATION_LEVEL = 3;
				GCC_PREPROCESSOR_DEFINITIONS = (
					"NDEBUG=1",
					"$(inherited)",
				);
				GCC_PRECOMPILE_PREFIX_HEADER = YES;
				GCC_PREFIX_HEADER = CerealImGui_Prefix.pch;
				GCC_SYMBOLS_PRIVATE_EXTERN = NO;
				INFOPLIST_FILE = Info.plist;
				INSTALL_PATH = "$(HOME)/Applications";
				OTHER_LDFLAGS = "\"$(CINDER_PATH)/lib/macosx/$(CONFIGURATION)/libcinder.a\"";
				PRODUCT_BUNDLE_IDENTIFIER = "org.libcinder.${PRODUCT_NAME:rfc1034identifier}";
				PRODUCT_NAME = CerealImGui;
				STRIP_INSTALLED_PRODUCT = YES;
				SYMROOT = ./build;
				WRAPPER_EXTENSION = app;
			};
			name = Release;
		};
		C01FCF4F08A954540054247B /* Debug */ = {
			isa = XCBuildConfiguration;
			buildSettings = {
				ALWAYS_SEARCH_USER_PATHS = NO;
				CINDER_PATH = "../../../../..";
				CLANG_CXX_LANGUAGE_STANDARD = "c++11";
				CLANG_CXX_LIBRARY = "libc++";
				ENABLE_TESTABILITY = YES;
				GCC_WARN_ABOUT_RETURN_TYPE = YES;
				GCC_WARN_UNUSED_VARIABLE = YES;
				HEADER_SEARCH_PATHS = (
					"\"$(CINDER_PATH)/include\"",
					"\"../../../../Cinder-Cereal/lib/cereal/include\"",
				);
				MACOSX_DEPLOYMENT_TARGET = 10.8;
				ONLY_ACTIVE_ARCH = YES;
				SDKROOT = macosx;
				USER_HEADER_SEARCH_PATHS = (
					"\"$(CINDER_PATH)/include\" ../include",
					"\"../../../../Cinder-Cereal/include\"",
					../../../include,
					"\"../../../../Cinder-ImGui/lib/imgui\"",
					"\"../../../../Cinder-ImGui/include\"",
				);
			};
			name = Debug;
		};
		C01FCF5008A954540054247B /* Release */ = {
			isa = XCBuildConfiguration;
			buildSettings = {
				ALWAYS_SEARCH_USER_PATHS = NO;
				CINDER_PATH = "../../../../..";
				CLANG_CXX_LANGUAGE_STANDARD = "c++11";
				CLANG_CXX_LIBRARY = "libc++";
				GCC_WARN_ABOUT_RETURN_TYPE = YES;
				GCC_WARN_UNUSED_VARIABLE = YES;
				HEADER_SEARCH_PATHS = (
					"\"$(CINDER_PATH)/include\"",
					"\"../../../../Cinder-Cereal/lib/cereal/include\"",
				);
				MACOSX_DEPLOYMENT_TARGET = 10.8;
				SDKROOT = macosx;
				USER_HEADER_SEARCH_PATHS = (
					"\"$(CINDER_PATH)/include\" ../include",
					"\"../../../../Cinder-Cereal/include\"",
					../../../include,
					"\"../../../../Cinder-ImGui/lib/imgui\"",
					"\"../../../../Cinder-ImGui/include\"",
				);
			};
			name = Release;
		};
/* End XCBuildConfiguration section */

/* Begin XCConfigurationList section */
		C01FCF4A08A954540054247B /* Build configuration list for PBXNativeTarget "CerealImGui" */ = {
			isa = XCConfigurationList;
			buildConfigurations = (
				C01FCF4B08A954540054247B /* Debug */,
				C01FCF4C08A954540054247B /* Release */,
			);
			defaultConfigurationIsVisible = 0;
			defaultConfigurationName = Release;
		};
		C01FCF4E08A954540054247B /* Build configuration list for PBXProject "CerealImGui" */ = {
			isa = XCConfigurationList;
			buildConfigurations = (
				C01FCF4F08A954540054247B /* Debug */,
				C01FCF5008A954540054247B /* Release */,
			);
			defaultConfigurationIsVisible = 0;
			defaultConfigurationName = Release;
		};
/* End XCConfigurationList section */
	};
	rootObject = 29B97313FDCFA39411CA2CEA /* Project object */;
}
